// !$*UTF8*$!
{
	archiveVersion = 1;
	classes = {
	};
	objectVersion = 56;
	objects = {

/* Begin PBXBuildFile section */
		CE44B64E2C63829F000418FB /* MagicHintSound.mp3 in Resources */ = {isa = PBXBuildFile; fileRef = CE44B64D2C63829F000418FB /* MagicHintSound.mp3 */; };
		CE44B6502C63A0A6000418FB /* AudioManager.swift in Sources */ = {isa = PBXBuildFile; fileRef = CE44B64F2C63A0A5000418FB /* AudioManager.swift */; };
		CE44B6522C63A11B000418FB /* AnimatedIcon.swift in Sources */ = {isa = PBXBuildFile; fileRef = CE44B6512C63A11B000418FB /* AnimatedIcon.swift */; };
		CE44B6552C63A221000418FB /* Indication.swift in Sources */ = {isa = PBXBuildFile; fileRef = CE44B6542C63A221000418FB /* Indication.swift */; };
		CE44B6572C63A578000418FB /* IndicationView.swift in Sources */ = {isa = PBXBuildFile; fileRef = CE44B6562C63A578000418FB /* IndicationView.swift */; };
		CE44B65A2C63A5B5000418FB /* MapView.swift in Sources */ = {isa = PBXBuildFile; fileRef = CE44B6592C63A5B5000418FB /* MapView.swift */; };
		CE44B65C2C63A5FA000418FB /* SettingsView.swift in Sources */ = {isa = PBXBuildFile; fileRef = CE44B65B2C63A5FA000418FB /* SettingsView.swift */; };
		CE44B65E2C63A63B000418FB /* RewardsView.swift in Sources */ = {isa = PBXBuildFile; fileRef = CE44B65D2C63A63B000418FB /* RewardsView.swift */; };
		CECDA2A22C5CDED8000584B2 /* Honey_PoteApp.swift in Sources */ = {isa = PBXBuildFile; fileRef = CECDA2A12C5CDED8000584B2 /* Honey_PoteApp.swift */; };
		CECDA2A42C5CDED8000584B2 /* ContentView.swift in Sources */ = {isa = PBXBuildFile; fileRef = CECDA2A32C5CDED8000584B2 /* ContentView.swift */; };
		CECDA2A62C5CDEDA000584B2 /* Assets.xcassets in Resources */ = {isa = PBXBuildFile; fileRef = CECDA2A52C5CDEDA000584B2 /* Assets.xcassets */; };
		CECDA2AA2C5CDEDA000584B2 /* Preview Assets.xcassets in Resources */ = {isa = PBXBuildFile; fileRef = CECDA2A92C5CDEDA000584B2 /* Preview Assets.xcassets */; };
		CECDA2B22C5CE860000584B2 /* TabBottomView.swift in Sources */ = {isa = PBXBuildFile; fileRef = CECDA2B12C5CE860000584B2 /* TabBottomView.swift */; };
		CECDA2B42C5CE87B000584B2 /* CustomTabView.swift in Sources */ = {isa = PBXBuildFile; fileRef = CECDA2B32C5CE87B000584B2 /* CustomTabView.swift */; };
		CECDA2B62C5CE8A9000584B2 /* TabItemView.swift in Sources */ = {isa = PBXBuildFile; fileRef = CECDA2B52C5CE8A9000584B2 /* TabItemView.swift */; };
		CECDA2B82C5CE8D7000584B2 /* TabItemData.swift in Sources */ = {isa = PBXBuildFile; fileRef = CECDA2B72C5CE8D7000584B2 /* TabItemData.swift */; };
/* End PBXBuildFile section */

/* Begin PBXFileReference section */
		CE44B64D2C63829F000418FB /* MagicHintSound.mp3 */ = {isa = PBXFileReference; lastKnownFileType = audio.mp3; path = MagicHintSound.mp3; sourceTree = "<group>"; };
		CE44B64F2C63A0A5000418FB /* AudioManager.swift */ = {isa = PBXFileReference; lastKnownFileType = sourcecode.swift; path = AudioManager.swift; sourceTree = "<group>"; };
		CE44B6512C63A11B000418FB /* AnimatedIcon.swift */ = {isa = PBXFileReference; lastKnownFileType = sourcecode.swift; path = AnimatedIcon.swift; sourceTree = "<group>"; };
		CE44B6542C63A221000418FB /* Indication.swift */ = {isa = PBXFileReference; lastKnownFileType = sourcecode.swift; path = Indication.swift; sourceTree = "<group>"; };
		CE44B6562C63A578000418FB /* IndicationView.swift */ = {isa = PBXFileReference; lastKnownFileType = sourcecode.swift; path = IndicationView.swift; sourceTree = "<group>"; };
		CE44B6592C63A5B5000418FB /* MapView.swift */ = {isa = PBXFileReference; lastKnownFileType = sourcecode.swift; path = MapView.swift; sourceTree = "<group>"; };
		CE44B65B2C63A5FA000418FB /* SettingsView.swift */ = {isa = PBXFileReference; lastKnownFileType = sourcecode.swift; path = SettingsView.swift; sourceTree = "<group>"; };
		CE44B65D2C63A63B000418FB /* RewardsView.swift */ = {isa = PBXFileReference; lastKnownFileType = sourcecode.swift; path = RewardsView.swift; sourceTree = "<group>"; };
		CECDA29E2C5CDED8000584B2 /* Honey-Pote.app */ = {isa = PBXFileReference; explicitFileType = wrapper.application; includeInIndex = 0; path = "Honey-Pote.app"; sourceTree = BUILT_PRODUCTS_DIR; };
		CECDA2A12C5CDED8000584B2 /* Honey_PoteApp.swift */ = {isa = PBXFileReference; lastKnownFileType = sourcecode.swift; path = Honey_PoteApp.swift; sourceTree = "<group>"; };
		CECDA2A32C5CDED8000584B2 /* ContentView.swift */ = {isa = PBXFileReference; lastKnownFileType = sourcecode.swift; path = ContentView.swift; sourceTree = "<group>"; };
		CECDA2A52C5CDEDA000584B2 /* Assets.xcassets */ = {isa = PBXFileReference; lastKnownFileType = folder.assetcatalog; path = Assets.xcassets; sourceTree = "<group>"; };
		CECDA2A72C5CDEDA000584B2 /* Honey_Pote.entitlements */ = {isa = PBXFileReference; lastKnownFileType = text.plist.entitlements; path = Honey_Pote.entitlements; sourceTree = "<group>"; };
		CECDA2A92C5CDEDA000584B2 /* Preview Assets.xcassets */ = {isa = PBXFileReference; lastKnownFileType = folder.assetcatalog; path = "Preview Assets.xcassets"; sourceTree = "<group>"; };
		CECDA2B12C5CE860000584B2 /* TabBottomView.swift */ = {isa = PBXFileReference; lastKnownFileType = sourcecode.swift; path = TabBottomView.swift; sourceTree = "<group>"; };
		CECDA2B32C5CE87B000584B2 /* CustomTabView.swift */ = {isa = PBXFileReference; lastKnownFileType = sourcecode.swift; path = CustomTabView.swift; sourceTree = "<group>"; };
		CECDA2B52C5CE8A9000584B2 /* TabItemView.swift */ = {isa = PBXFileReference; lastKnownFileType = sourcecode.swift; path = TabItemView.swift; sourceTree = "<group>"; };
		CECDA2B72C5CE8D7000584B2 /* TabItemData.swift */ = {isa = PBXFileReference; lastKnownFileType = sourcecode.swift; path = TabItemData.swift; sourceTree = "<group>"; };
/* End PBXFileReference section */

/* Begin PBXFrameworksBuildPhase section */
		CECDA29B2C5CDED8000584B2 /* Frameworks */ = {
			isa = PBXFrameworksBuildPhase;
			buildActionMask = 2147483647;
			files = (
			);
			runOnlyForDeploymentPostprocessing = 0;
		};
/* End PBXFrameworksBuildPhase section */

/* Begin PBXGroup section */
		CE44B6532C63A1F5000418FB /* Model */ = {
			isa = PBXGroup;
			children = (
				CE44B6542C63A221000418FB /* Indication.swift */,
			);
			path = Model;
			sourceTree = "<group>";
		};
		CE44B6582C63A581000418FB /* View */ = {
			isa = PBXGroup;
			children = (
				CE44B6562C63A578000418FB /* IndicationView.swift */,
				CE44B6592C63A5B5000418FB /* MapView.swift */,
				CE44B65B2C63A5FA000418FB /* SettingsView.swift */,
				CE44B65D2C63A63B000418FB /* RewardsView.swift */,
			);
			path = View;
			sourceTree = "<group>";
		};
		CE44B65F2C63A696000418FB /* UI */ = {
			isa = PBXGroup;
			children = (
				CE44B6512C63A11B000418FB /* AnimatedIcon.swift */,
				CECDA2B92C5CE8EB000584B2 /* TabBar */,
			);
			path = UI;
			sourceTree = "<group>";
		};
		CE44B6602C63A6B2000418FB /* Audio */ = {
			isa = PBXGroup;
			children = (
				CE44B64D2C63829F000418FB /* MagicHintSound.mp3 */,
				CE44B64F2C63A0A5000418FB /* AudioManager.swift */,
			);
			path = Audio;
			sourceTree = "<group>";
		};
		CECDA2952C5CDED8000584B2 = {
			isa = PBXGroup;
			children = (
				CECDA2A02C5CDED8000584B2 /* Honey-Pote */,
				CECDA29F2C5CDED8000584B2 /* Products */,
			);
			sourceTree = "<group>";
		};
		CECDA29F2C5CDED8000584B2 /* Products */ = {
			isa = PBXGroup;
			children = (
				CECDA29E2C5CDED8000584B2 /* Honey-Pote.app */,
			);
			name = Products;
			sourceTree = "<group>";
		};
		CECDA2A02C5CDED8000584B2 /* Honey-Pote */ = {
			isa = PBXGroup;
			children = (
				CECDA2A12C5CDED8000584B2 /* Honey_PoteApp.swift */,
				CECDA2A32C5CDED8000584B2 /* ContentView.swift */,
				CE44B6532C63A1F5000418FB /* Model */,
				CE44B6582C63A581000418FB /* View */,
				CE44B6602C63A6B2000418FB /* Audio */,
				CE44B65F2C63A696000418FB /* UI */,
				CECDA2A52C5CDEDA000584B2 /* Assets.xcassets */,
				CECDA2A72C5CDEDA000584B2 /* Honey_Pote.entitlements */,
				CECDA2A82C5CDEDA000584B2 /* Preview Content */,
			);
			path = "Honey-Pote";
			sourceTree = "<group>";
		};
		CECDA2A82C5CDEDA000584B2 /* Preview Content */ = {
			isa = PBXGroup;
			children = (
				CECDA2A92C5CDEDA000584B2 /* Preview Assets.xcassets */,
			);
			path = "Preview Content";
			sourceTree = "<group>";
		};
		CECDA2B92C5CE8EB000584B2 /* TabBar */ = {
			isa = PBXGroup;
			children = (
				CECDA2B12C5CE860000584B2 /* TabBottomView.swift */,
				CECDA2B32C5CE87B000584B2 /* CustomTabView.swift */,
				CECDA2B52C5CE8A9000584B2 /* TabItemView.swift */,
				CECDA2B72C5CE8D7000584B2 /* TabItemData.swift */,
			);
			path = TabBar;
			sourceTree = "<group>";
		};
/* End PBXGroup section */

/* Begin PBXNativeTarget section */
		CECDA29D2C5CDED8000584B2 /* Honey-Pote */ = {
			isa = PBXNativeTarget;
			buildConfigurationList = CECDA2AD2C5CDEDA000584B2 /* Build configuration list for PBXNativeTarget "Honey-Pote" */;
			buildPhases = (
				CECDA29A2C5CDED8000584B2 /* Sources */,
				CECDA29B2C5CDED8000584B2 /* Frameworks */,
				CECDA29C2C5CDED8000584B2 /* Resources */,
			);
			buildRules = (
			);
			dependencies = (
			);
			name = "Honey-Pote";
			productName = "Honey-Pote";
			productReference = CECDA29E2C5CDED8000584B2 /* Honey-Pote.app */;
			productType = "com.apple.product-type.application";
		};
/* End PBXNativeTarget section */

/* Begin PBXProject section */
		CECDA2962C5CDED8000584B2 /* Project object */ = {
			isa = PBXProject;
			attributes = {
				BuildIndependentTargetsInParallel = 1;
				LastSwiftUpdateCheck = 1540;
				LastUpgradeCheck = 1540;
				TargetAttributes = {
					CECDA29D2C5CDED8000584B2 = {
						CreatedOnToolsVersion = 15.4;
					};
				};
			};
			buildConfigurationList = CECDA2992C5CDED8000584B2 /* Build configuration list for PBXProject "Honey-Pote" */;
			compatibilityVersion = "Xcode 14.0";
			developmentRegion = en;
			hasScannedForEncodings = 0;
			knownRegions = (
				en,
				Base,
			);
			mainGroup = CECDA2952C5CDED8000584B2;
			productRefGroup = CECDA29F2C5CDED8000584B2 /* Products */;
			projectDirPath = "";
			projectRoot = "";
			targets = (
				CECDA29D2C5CDED8000584B2 /* Honey-Pote */,
			);
		};
/* End PBXProject section */

/* Begin PBXResourcesBuildPhase section */
		CECDA29C2C5CDED8000584B2 /* Resources */ = {
			isa = PBXResourcesBuildPhase;
			buildActionMask = 2147483647;
			files = (
				CE44B64E2C63829F000418FB /* MagicHintSound.mp3 in Resources */,
				CECDA2AA2C5CDEDA000584B2 /* Preview Assets.xcassets in Resources */,
				CECDA2A62C5CDEDA000584B2 /* Assets.xcassets in Resources */,
			);
			runOnlyForDeploymentPostprocessing = 0;
		};
/* End PBXResourcesBuildPhase section */

/* Begin PBXSourcesBuildPhase section */
		CECDA29A2C5CDED8000584B2 /* Sources */ = {
			isa = PBXSourcesBuildPhase;
			buildActionMask = 2147483647;
			files = (
				CECDA2B82C5CE8D7000584B2 /* TabItemData.swift in Sources */,
				CE44B6522C63A11B000418FB /* AnimatedIcon.swift in Sources */,
				CE44B6502C63A0A6000418FB /* AudioManager.swift in Sources */,
				CE44B65A2C63A5B5000418FB /* MapView.swift in Sources */,
				CECDA2A42C5CDED8000584B2 /* ContentView.swift in Sources */,
				CECDA2B22C5CE860000584B2 /* TabBottomView.swift in Sources */,
				CECDA2A22C5CDED8000584B2 /* Honey_PoteApp.swift in Sources */,
				CE44B6552C63A221000418FB /* Indication.swift in Sources */,
				CECDA2B62C5CE8A9000584B2 /* TabItemView.swift in Sources */,
				CE44B65C2C63A5FA000418FB /* SettingsView.swift in Sources */,
				CE44B6572C63A578000418FB /* IndicationView.swift in Sources */,
				CECDA2B42C5CE87B000584B2 /* CustomTabView.swift in Sources */,
				CE44B65E2C63A63B000418FB /* RewardsView.swift in Sources */,
			);
			runOnlyForDeploymentPostprocessing = 0;
		};
/* End PBXSourcesBuildPhase section */

/* Begin XCBuildConfiguration section */
		CECDA2AB2C5CDEDA000584B2 /* Debug */ = {
			isa = XCBuildConfiguration;
			buildSettings = {
				ALWAYS_SEARCH_USER_PATHS = NO;
				ASSETCATALOG_COMPILER_GENERATE_SWIFT_ASSET_SYMBOL_EXTENSIONS = YES;
				CLANG_ANALYZER_NONNULL = YES;
				CLANG_ANALYZER_NUMBER_OBJECT_CONVERSION = YES_AGGRESSIVE;
				CLANG_CXX_LANGUAGE_STANDARD = "gnu++20";
				CLANG_ENABLE_MODULES = YES;
				CLANG_ENABLE_OBJC_ARC = YES;
				CLANG_ENABLE_OBJC_WEAK = YES;
				CLANG_WARN_BLOCK_CAPTURE_AUTORELEASING = YES;
				CLANG_WARN_BOOL_CONVERSION = YES;
				CLANG_WARN_COMMA = YES;
				CLANG_WARN_CONSTANT_CONVERSION = YES;
				CLANG_WARN_DEPRECATED_OBJC_IMPLEMENTATIONS = YES;
				CLANG_WARN_DIRECT_OBJC_ISA_USAGE = YES_ERROR;
				CLANG_WARN_DOCUMENTATION_COMMENTS = YES;
				CLANG_WARN_EMPTY_BODY = YES;
				CLANG_WARN_ENUM_CONVERSION = YES;
				CLANG_WARN_INFINITE_RECURSION = YES;
				CLANG_WARN_INT_CONVERSION = YES;
				CLANG_WARN_NON_LITERAL_NULL_CONVERSION = YES;
				CLANG_WARN_OBJC_IMPLICIT_RETAIN_SELF = YES;
				CLANG_WARN_OBJC_LITERAL_CONVERSION = YES;
				CLANG_WARN_OBJC_ROOT_CLASS = YES_ERROR;
				CLANG_WARN_QUOTED_INCLUDE_IN_FRAMEWORK_HEADER = YES;
				CLANG_WARN_RANGE_LOOP_ANALYSIS = YES;
				CLANG_WARN_STRICT_PROTOTYPES = YES;
				CLANG_WARN_SUSPICIOUS_MOVE = YES;
				CLANG_WARN_UNGUARDED_AVAILABILITY = YES_AGGRESSIVE;
				CLANG_WARN_UNREACHABLE_CODE = YES;
				CLANG_WARN__DUPLICATE_METHOD_MATCH = YES;
				COPY_PHASE_STRIP = NO;
				DEBUG_INFORMATION_FORMAT = dwarf;
				ENABLE_STRICT_OBJC_MSGSEND = YES;
				ENABLE_TESTABILITY = YES;
				ENABLE_USER_SCRIPT_SANDBOXING = YES;
				GCC_C_LANGUAGE_STANDARD = gnu17;
				GCC_DYNAMIC_NO_PIC = NO;
				GCC_NO_COMMON_BLOCKS = YES;
				GCC_OPTIMIZATION_LEVEL = 0;
				GCC_PREPROCESSOR_DEFINITIONS = (
					"DEBUG=1",
					"$(inherited)",
				);
				GCC_WARN_64_TO_32_BIT_CONVERSION = YES;
				GCC_WARN_ABOUT_RETURN_TYPE = YES_ERROR;
				GCC_WARN_UNDECLARED_SELECTOR = YES;
				GCC_WARN_UNINITIALIZED_AUTOS = YES_AGGRESSIVE;
				GCC_WARN_UNUSED_FUNCTION = YES;
				GCC_WARN_UNUSED_VARIABLE = YES;
				LOCALIZATION_PREFERS_STRING_CATALOGS = YES;
				MTL_ENABLE_DEBUG_INFO = INCLUDE_SOURCE;
				MTL_FAST_MATH = YES;
				ONLY_ACTIVE_ARCH = YES;
				SWIFT_ACTIVE_COMPILATION_CONDITIONS = "DEBUG $(inherited)";
				SWIFT_OPTIMIZATION_LEVEL = "-Onone";
			};
			name = Debug;
		};
		CECDA2AC2C5CDEDA000584B2 /* Release */ = {
			isa = XCBuildConfiguration;
			buildSettings = {
				ALWAYS_SEARCH_USER_PATHS = NO;
				ASSETCATALOG_COMPILER_GENERATE_SWIFT_ASSET_SYMBOL_EXTENSIONS = YES;
				CLANG_ANALYZER_NONNULL = YES;
				CLANG_ANALYZER_NUMBER_OBJECT_CONVERSION = YES_AGGRESSIVE;
				CLANG_CXX_LANGUAGE_STANDARD = "gnu++20";
				CLANG_ENABLE_MODULES = YES;
				CLANG_ENABLE_OBJC_ARC = YES;
				CLANG_ENABLE_OBJC_WEAK = YES;
				CLANG_WARN_BLOCK_CAPTURE_AUTORELEASING = YES;
				CLANG_WARN_BOOL_CONVERSION = YES;
				CLANG_WARN_COMMA = YES;
				CLANG_WARN_CONSTANT_CONVERSION = YES;
				CLANG_WARN_DEPRECATED_OBJC_IMPLEMENTATIONS = YES;
				CLANG_WARN_DIRECT_OBJC_ISA_USAGE = YES_ERROR;
				CLANG_WARN_DOCUMENTATION_COMMENTS = YES;
				CLANG_WARN_EMPTY_BODY = YES;
				CLANG_WARN_ENUM_CONVERSION = YES;
				CLANG_WARN_INFINITE_RECURSION = YES;
				CLANG_WARN_INT_CONVERSION = YES;
				CLANG_WARN_NON_LITERAL_NULL_CONVERSION = YES;
				CLANG_WARN_OBJC_IMPLICIT_RETAIN_SELF = YES;
				CLANG_WARN_OBJC_LITERAL_CONVERSION = YES;
				CLANG_WARN_OBJC_ROOT_CLASS = YES_ERROR;
				CLANG_WARN_QUOTED_INCLUDE_IN_FRAMEWORK_HEADER = YES;
				CLANG_WARN_RANGE_LOOP_ANALYSIS = YES;
				CLANG_WARN_STRICT_PROTOTYPES = YES;
				CLANG_WARN_SUSPICIOUS_MOVE = YES;
				CLANG_WARN_UNGUARDED_AVAILABILITY = YES_AGGRESSIVE;
				CLANG_WARN_UNREACHABLE_CODE = YES;
				CLANG_WARN__DUPLICATE_METHOD_MATCH = YES;
				COPY_PHASE_STRIP = NO;
				DEBUG_INFORMATION_FORMAT = "dwarf-with-dsym";
				ENABLE_NS_ASSERTIONS = NO;
				ENABLE_STRICT_OBJC_MSGSEND = YES;
				ENABLE_USER_SCRIPT_SANDBOXING = YES;
				GCC_C_LANGUAGE_STANDARD = gnu17;
				GCC_NO_COMMON_BLOCKS = YES;
				GCC_WARN_64_TO_32_BIT_CONVERSION = YES;
				GCC_WARN_ABOUT_RETURN_TYPE = YES_ERROR;
				GCC_WARN_UNDECLARED_SELECTOR = YES;
				GCC_WARN_UNINITIALIZED_AUTOS = YES_AGGRESSIVE;
				GCC_WARN_UNUSED_FUNCTION = YES;
				GCC_WARN_UNUSED_VARIABLE = YES;
				LOCALIZATION_PREFERS_STRING_CATALOGS = YES;
				MTL_ENABLE_DEBUG_INFO = NO;
				MTL_FAST_MATH = YES;
				SWIFT_COMPILATION_MODE = wholemodule;
			};
			name = Release;
		};
		CECDA2AE2C5CDEDA000584B2 /* Debug */ = {
			isa = XCBuildConfiguration;
			buildSettings = {
				ASSETCATALOG_COMPILER_APPICON_NAME = AppIcon;
				ASSETCATALOG_COMPILER_GLOBAL_ACCENT_COLOR_NAME = AccentColor;
				CODE_SIGN_ENTITLEMENTS = "Honey-Pote/Honey_Pote.entitlements";
				CODE_SIGN_STYLE = Automatic;
				CURRENT_PROJECT_VERSION = 1;
				DEVELOPMENT_ASSET_PATHS = "\"Honey-Pote/Preview Content\"";
				DEVELOPMENT_TEAM = "";
				ENABLE_PREVIEWS = YES;
				GENERATE_INFOPLIST_FILE = YES;
				"INFOPLIST_KEY_UIApplicationSceneManifest_Generation[sdk=iphoneos*]" = YES;
				"INFOPLIST_KEY_UIApplicationSceneManifest_Generation[sdk=iphonesimulator*]" = YES;
				"INFOPLIST_KEY_UIApplicationSupportsIndirectInputEvents[sdk=iphoneos*]" = YES;
				"INFOPLIST_KEY_UIApplicationSupportsIndirectInputEvents[sdk=iphonesimulator*]" = YES;
				"INFOPLIST_KEY_UILaunchScreen_Generation[sdk=iphoneos*]" = YES;
				"INFOPLIST_KEY_UILaunchScreen_Generation[sdk=iphonesimulator*]" = YES;
				"INFOPLIST_KEY_UIStatusBarStyle[sdk=iphoneos*]" = UIStatusBarStyleDefault;
				"INFOPLIST_KEY_UIStatusBarStyle[sdk=iphonesimulator*]" = UIStatusBarStyleDefault;
				INFOPLIST_KEY_UISupportedInterfaceOrientations_iPad = "UIInterfaceOrientationPortrait UIInterfaceOrientationPortraitUpsideDown UIInterfaceOrientationLandscapeLeft UIInterfaceOrientationLandscapeRight";
				INFOPLIST_KEY_UISupportedInterfaceOrientations_iPhone = "UIInterfaceOrientationPortrait UIInterfaceOrientationLandscapeLeft UIInterfaceOrientationLandscapeRight";
				IPHONEOS_DEPLOYMENT_TARGET = 17.5;
				LD_RUNPATH_SEARCH_PATHS = "@executable_path/Frameworks";
				"LD_RUNPATH_SEARCH_PATHS[sdk=macosx*]" = "@executable_path/../Frameworks";
				MACOSX_DEPLOYMENT_TARGET = 14.3;
				MARKETING_VERSION = 1.0;
				PRODUCT_BUNDLE_IDENTIFIER = "adam.mabrouki.Honey-Pote";
				PRODUCT_NAME = "$(TARGET_NAME)";
				SDKROOT = auto;
				SUPPORTED_PLATFORMS = "iphoneos iphonesimulator macosx";
				SWIFT_EMIT_LOC_STRINGS = YES;
				SWIFT_VERSION = 5.0;
				TARGETED_DEVICE_FAMILY = "1,2";
			};
			name = Debug;
		};
		CECDA2AF2C5CDEDA000584B2 /* Release */ = {
			isa = XCBuildConfiguration;
			buildSettings = {
				ASSETCATALOG_COMPILER_APPICON_NAME = AppIcon;
				ASSETCATALOG_COMPILER_GLOBAL_ACCENT_COLOR_NAME = AccentColor;
				CODE_SIGN_ENTITLEMENTS = "Honey-Pote/Honey_Pote.entitlements";
				CODE_SIGN_STYLE = Automatic;
				CURRENT_PROJECT_VERSION = 1;
				DEVELOPMENT_ASSET_PATHS = "\"Honey-Pote/Preview Content\"";
				DEVELOPMENT_TEAM = "";
				ENABLE_PREVIEWS = YES;
				GENERATE_INFOPLIST_FILE = YES;
				"INFOPLIST_KEY_UIApplicationSceneManifest_Generation[sdk=iphoneos*]" = YES;
				"INFOPLIST_KEY_UIApplicationSceneManifest_Generation[sdk=iphonesimulator*]" = YES;
				"INFOPLIST_KEY_UIApplicationSupportsIndirectInputEvents[sdk=iphoneos*]" = YES;
				"INFOPLIST_KEY_UIApplicationSupportsIndirectInputEvents[sdk=iphonesimulator*]" = YES;
				"INFOPLIST_KEY_UILaunchScreen_Generation[sdk=iphoneos*]" = YES;
				"INFOPLIST_KEY_UILaunchScreen_Generation[sdk=iphonesimulator*]" = YES;
				"INFOPLIST_KEY_UIStatusBarStyle[sdk=iphoneos*]" = UIStatusBarStyleDefault;
				"INFOPLIST_KEY_UIStatusBarStyle[sdk=iphonesimulator*]" = UIStatusBarStyleDefault;
				INFOPLIST_KEY_UISupportedInterfaceOrientations_iPad = "UIInterfaceOrientationPortrait UIInterfaceOrientationPortraitUpsideDown UIInterfaceOrientationLandscapeLeft UIInterfaceOrientationLandscapeRight";
				INFOPLIST_KEY_UISupportedInterfaceOrientations_iPhone = "UIInterfaceOrientationPortrait UIInterfaceOrientationLandscapeLeft UIInterfaceOrientationLandscapeRight";
				IPHONEOS_DEPLOYMENT_TARGET = 17.5;
				LD_RUNPATH_SEARCH_PATHS = "@executable_path/Frameworks";
				"LD_RUNPATH_SEARCH_PATHS[sdk=macosx*]" = "@executable_path/../Frameworks";
				MACOSX_DEPLOYMENT_TARGET = 14.3;
				MARKETING_VERSION = 1.0;
				PRODUCT_BUNDLE_IDENTIFIER = "adam.mabrouki.Honey-Pote";
				PRODUCT_NAME = "$(TARGET_NAME)";
				SDKROOT = auto;
				SUPPORTED_PLATFORMS = "iphoneos iphonesimulator macosx";
				SWIFT_EMIT_LOC_STRINGS = YES;
				SWIFT_VERSION = 5.0;
				TARGETED_DEVICE_FAMILY = "1,2";
			};
			name = Release;
		};
/* End XCBuildConfiguration section */

/* Begin XCConfigurationList section */
		CECDA2992C5CDED8000584B2 /* Build configuration list for PBXProject "Honey-Pote" */ = {
			isa = XCConfigurationList;
			buildConfigurations = (
				CECDA2AB2C5CDEDA000584B2 /* Debug */,
				CECDA2AC2C5CDEDA000584B2 /* Release */,
			);
			defaultConfigurationIsVisible = 0;
			defaultConfigurationName = Release;
		};
		CECDA2AD2C5CDEDA000584B2 /* Build configuration list for PBXNativeTarget "Honey-Pote" */ = {
			isa = XCConfigurationList;
			buildConfigurations = (
				CECDA2AE2C5CDEDA000584B2 /* Debug */,
				CECDA2AF2C5CDEDA000584B2 /* Release */,
			);
			defaultConfigurationIsVisible = 0;
			defaultConfigurationName = Release;
		};
/* End XCConfigurationList section */
	};
	rootObject = CECDA2962C5CDED8000584B2 /* Project object */;
}
